
Microsoft Visual Studio Solution File, Format Version 12.00
# Visual Studio Version 17
VisualStudioVersion = 17.2.32616.157
MinimumVisualStudioVersion = 10.0.40219.1
Project("{FAE04EC0-301F-11D3-BF4B-00C04F79EFBC}") = "InvertirStringPrevi", "EjerciciosPrevired\InvertirStringPrevi.csproj", "{892C05F0-5EF3-4063-8519-56C5A0EED027}"
EndProject
Global
	GlobalSection(SolutionConfigurationPlatforms) = preSolution
		Debug|Any CPU = Debug|Any CPU
		Release|Any CPU = Release|Any CPU
	EndGlobalSection
	GlobalSection(ProjectConfigurationPlatforms) = postSolution
		{892C05F0-5EF3-4063-8519-56C5A0EED027}.Debug|Any CPU.ActiveCfg = Debug|Any CPU
		{892C05F0-5EF3-4063-8519-56C5A0EED027}.Debug|Any CPU.Build.0 = Debug|Any CPU
		{892C05F0-5EF3-4063-8519-56C5A0EED027}.Release|Any CPU.ActiveCfg = Release|Any CPU
		{892C05F0-5EF3-4063-8519-56C5A0EED027}.Release|Any CPU.Build.0 = Release|Any CPU
	EndGlobalSection
	GlobalSection(SolutionProperties) = preSolution
		HideSolutionNode = FALSE
	EndGlobalSection
	GlobalSection(ExtensibilityGlobals) = postSolution
		SolutionGuid = {3319E336-D8F2-4AE5-9B59-32527C76E645}
	EndGlobalSection
EndGlobal
